
Microsoft Visual Studio Solution File, Format Version 12.00
# Visual Studio Version 17
VisualStudioVersion = 17.11.35208.52
MinimumVisualStudioVersion = 10.0.40219.1
Project("{FAE04EC0-301F-11D3-BF4B-00C04F79EFBC}") = "JWTTokenWithRolesRealTime", "JWTTokenWithRolesRealTime\JWTTokenWithRolesRealTime.csproj", "{B83BE420-78A2-48CE-A02F-2A0FD0BFE307}"
EndProject
Global
	GlobalSection(SolutionConfigurationPlatforms) = preSolution
		Debug|Any CPU = Debug|Any CPU
		Release|Any CPU = Release|Any CPU
	EndGlobalSection
	GlobalSection(ProjectConfigurationPlatforms) = postSolution
		{B83BE420-78A2-48CE-A02F-2A0FD0BFE307}.Debug|Any CPU.ActiveCfg = Debug|Any CPU
		{B83BE420-78A2-48CE-A02F-2A0FD0BFE307}.Debug|Any CPU.Build.0 = Debug|Any CPU
		{B83BE420-78A2-48CE-A02F-2A0FD0BFE307}.Release|Any CPU.ActiveCfg = Release|Any CPU
		{B83BE420-78A2-48CE-A02F-2A0FD0BFE307}.Release|Any CPU.Build.0 = Release|Any CPU
	EndGlobalSection
	GlobalSection(SolutionProperties) = preSolution
		HideSolutionNode = FALSE
	EndGlobalSection
	GlobalSection(ExtensibilityGlobals) = postSolution
		SolutionGuid = {72DF97B3-CB68-4DFB-B63A-793F78BC6981}
	EndGlobalSection
EndGlobal
